schema: '2.0'
stages:
  data_ingestion:
    cmd: python src/data/data_ingestion.py
    deps:
    - path: params.yaml
      hash: md5
      md5: 596a085ef59d0c960d0f58357928137e
      size: 143
    - path: src/data/data_ingestion.py
      hash: md5
      md5: 434b82891535339f09ece8926b16c7ad
      size: 1116
    - path: utils/custom_logging.py
      hash: md5
      md5: 43ac6888812ba025d05b5e56836f842e
      size: 933
    - path: utils/utils_data_ingestion.py
      hash: md5
      md5: 5e75ea278c0ec44b16f2ce4bf8616508
      size: 2924
    params:
      params.yaml:
        data_ingestion.test_size: 0.3
    outs:
    - path: data/raw
      hash: md5
      md5: 50ed07ffa6a6044ea8fde8275e9f63d3.dir
      size: 827973
      nfiles: 2
  data_preprocessing:
    cmd: python src/data/data_preprocessing.py
    deps:
    - path: data/raw
      hash: md5
      md5: 50ed07ffa6a6044ea8fde8275e9f63d3.dir
      size: 827973
      nfiles: 2
    - path: params.yaml
      hash: md5
      md5: 596a085ef59d0c960d0f58357928137e
      size: 143
    - path: src/data/data_preprocessing.py
      hash: md5
      md5: b6ea67499218680d59de31f03eee3413
      size: 1352
    - path: utils/custom_logging.py
      hash: md5
      md5: 43ac6888812ba025d05b5e56836f842e
      size: 933
    - path: utils/utils_data_preprocessing.py
      hash: md5
      md5: 42114923601dc782e7fc057838737750
      size: 2866
    outs:
    - path: data/processed
      hash: md5
      md5: f0309b89866ed5bd9d267a41a6554642.dir
      size: 572730
      nfiles: 2
  feature_engineering:
    cmd: python src/features/feature_engineering.py
    deps:
    - path: data/processed
      hash: md5
      md5: f0309b89866ed5bd9d267a41a6554642.dir
      size: 572730
      nfiles: 2
    - path: params.yaml
      hash: md5
      md5: 596a085ef59d0c960d0f58357928137e
      size: 143
    - path: src/features/feature_engineering.py
      hash: md5
      md5: fbbf49a9929c1aa3ccd3012599213ae6
      size: 1949
    - path: utils/custom_logging.py
      hash: md5
      md5: 43ac6888812ba025d05b5e56836f842e
      size: 933
    - path: utils/utils_feature_engineering.py
      hash: md5
      md5: 7bbcc782bfaebd77a8d1664079adca69
      size: 3341
    params:
      params.yaml:
        feature_engineering.max_features: 100
    outs:
    - path: data/interim
      hash: md5
      md5: feb0e116af812122b7b8fdb87092f14f.dir
      size: 4536847
      nfiles: 2
  model_building:
    cmd: python src/model/model_building.py
    deps:
    - path: data/interim/train_tfidf.csv
      hash: md5
      md5: 40dc331b0962052bd40fe2c506f65664
      size: 3177175
    - path: params.yaml
      hash: md5
      md5: 596a085ef59d0c960d0f58357928137e
      size: 143
    - path: src/model/model_building.py
      hash: md5
      md5: 59248cbf2a20f2443cabb3d7add53ce8
      size: 1486
    - path: utils/custom_logging.py
      hash: md5
      md5: 43ac6888812ba025d05b5e56836f842e
      size: 933
    - path: utils/utils_model_building.py
      hash: md5
      md5: 362fc72278ff210d4d542b04a19d9089
      size: 2514
    params:
      params.yaml:
        model_building.learning_rate: 0.3
        model_building.n_estimators: 70
    outs:
    - path: models/model.pkl
      hash: md5
      md5: 6b3e117d74eab378fcf638c209f47a5c
      size: 93583
  model_evaluation:
    cmd: python src/model/model_evaluation.py
    deps:
    - path: data/interim/test_tfidf.csv
      hash: md5
      md5: e0027c0fb1680696238d89114c60c612
      size: 1359672
    - path: models/model.pkl
      hash: md5
      md5: 6b3e117d74eab378fcf638c209f47a5c
      size: 93583
    - path: src/model/model_evaluation.py
      hash: md5
      md5: c76b155fa773adfe98c4f0e1bfec7f02
      size: 1589
    - path: utils/custom_logging.py
      hash: md5
      md5: 43ac6888812ba025d05b5e56836f842e
      size: 933
    - path: utils/utils_model_evaluation.py
      hash: md5
      md5: 023407d68eeb8b237aee7fbfdbcb36ef
      size: 2411
    outs:
    - path: reports/metrics.json
      hash: md5
      md5: cc80b9ff84dee2579c88dd2baf19e8b8
      size: 144
